{
  "name": "node-dirwalk",
  "version": "0.8.3",
  "lockfileVersion": 1,
  "requires": true,
  "dependencies": {
    "fjl": {
      "version": "0.16.4",
      "resolved": "https://registry.npmjs.org/fjl/-/fjl-0.16.4.tgz",
      "integrity": "sha512-N9brlzFXJ7UM8bjvHASjJbZwPCK/QxoCQQHgaQvESFRzK16XiZBj3o/R2iCU+BklVZr4AzQv3AVPSi7g3AtnjQ=="
    }
  }
}
