{
  "name": "node-dirwalk",
  "version": "0.8.0",
  "lockfileVersion": 1,
  "requires": true,
  "dependencies": {
    "fjl": {
      "version": "0.16.3",
      "resolved": "https://registry.npmjs.org/fjl/-/fjl-0.16.3.tgz",
      "integrity": "sha512-q2+2XeSy3rb7IFD6vjyImCSOTMmlFTRZXz4y85DHDiULKdfwcUGNs5N0rpvuzo24CV8BorSHNc85O0DGXHIibQ=="
    }
  }
}
