{
  "name": "node-dirwalk",
  "version": "0.8.5",
  "lockfileVersion": 1,
  "requires": true,
  "dependencies": {
    "fjl": {
      "version": "1.12.6",
      "resolved": "https://registry.npmjs.org/fjl/-/fjl-1.12.6.tgz",
      "integrity": "sha512-vcVR8DgxGVsZEJPzZzOJQ2jTeteEAJC/yncMZcIM/60cPdiXIDK496vpXwtXtEEQrkqDpx57QMckzBfPO98FKg=="
    }
  }
}
