# THIS IS AN AUTOGENERATED FILE. DO NOT EDIT THIS FILE DIRECTLY.
# yarn lockfile v1


fjl@^1.6.2:
  version "1.6.2"
  resolved "https://registry.yarnpkg.com/fjl/-/fjl-1.6.2.tgz#8dc1b58422441f015bc1bef347c2ee4f2dc37c40"
  integrity sha512-0gGlVY4BSEhGUzfKucXXZKNjOapC4Kyq4p+WBSYSYcTUTQGRJRQbZPpAcOaOXxgPU8wxNVPfzXBJh5QtjKpPVQ==
